{
  "nodes": {
    "dev": {
      "inputs": {
        "hpkg": "hpkg",
        "nixpkgs": "nixpkgs"
      },
      "locked": {
        "lastModified": 1,
        "narHash": "sha256-JaPZmBLhGz1gHSnpGy0ZqJBbsAISOYB+fCnGz30K2GM=",
        "path": "/nix/store/a204xrxan0clav80xwn8hynr3cpzjhj8-source/haskell",
        "type": "path"
      },
      "original": {
        "path": "/nix/store/a204xrxan0clav80xwn8hynr3cpzjhj8-source/haskell",
        "type": "path"
      }
    },
    "hpkg": {
      "locked": {
        "lastModified": 1690662844,
        "narHash": "sha256-NM8yHPIe/LFrwfxaWEVyiHEgexDR4t+yqJ+txhwuB+Y=",
        "owner": "nixos",
        "repo": "nixpkgs",
        "rev": "50a7139fbd1acd4a3d4cfa695e694c529dd26f3a",
        "type": "github"
      },
      "original": {
        "owner": "nixos",
        "ref": "50a7139fbd1acd4a3d4cfa695e694c529dd26f3a",
        "repo": "nixpkgs",
        "type": "github"
      }
    },
    "nixpkgs": {
      "locked": {
        "lastModified": 1720542800,
        "narHash": "sha256-ZgnNHuKV6h2+fQ5LuqnUaqZey1Lqqt5dTUAiAnqH0QQ=",
        "owner": "nixos",
        "repo": "nixpkgs",
        "rev": "feb2849fdeb70028c70d73b848214b00d324a497",
        "type": "github"
      },
      "original": {
        "owner": "nixos",
        "ref": "nixos-unstable",
        "repo": "nixpkgs",
        "type": "github"
      }
    },
    "root": {
      "inputs": {
        "dev": "dev"
      }
    }
  },
  "root": "root",
  "version": 7
}
